{
  "name": "weather-icons",
  "version": "2.0.10",
  "lockfileVersion": 3,
  "requires": true,
  "packages": {
    "": {
      "name": "weather-icons",
      "version": "2.0.10",
      "license": "MIT",
      "dependencies": {
        "weather-icons": "file:"
      }
    },
    "node_modules/weather-icons": {
      "resolved": "",
      "link": true
    }
  }
}
